
Microsoft Visual Studio Solution File, Format Version 12.00
# Visual Studio Version 17
VisualStudioVersion = 17.5.33502.453
MinimumVisualStudioVersion = 10.0.40219.1
Project("{FAE04EC0-301F-11D3-BF4B-00C04F79EFBC}") = "MovieService", "MovieService\MovieService.csproj", "{5FF81F89-859C-4305-BAC5-C954B367D332}"
EndProject
Project("{FAE04EC0-301F-11D3-BF4B-00C04F79EFBC}") = "MovieService.Tests", "MovieService.Tests\MovieService.Tests.csproj", "{6A5BB641-7C06-408B-AB1F-853D5C2F7488}"
EndProject
Global
	GlobalSection(SolutionConfigurationPlatforms) = preSolution
		Debug|Any CPU = Debug|Any CPU
		Release|Any CPU = Release|Any CPU
	EndGlobalSection
	GlobalSection(ProjectConfigurationPlatforms) = postSolution
		{5FF81F89-859C-4305-BAC5-C954B367D332}.Debug|Any CPU.ActiveCfg = Debug|Any CPU
		{5FF81F89-859C-4305-BAC5-C954B367D332}.Debug|Any CPU.Build.0 = Debug|Any CPU
		{5FF81F89-859C-4305-BAC5-C954B367D332}.Release|Any CPU.ActiveCfg = Release|Any CPU
		{5FF81F89-859C-4305-BAC5-C954B367D332}.Release|Any CPU.Build.0 = Release|Any CPU
		{6A5BB641-7C06-408B-AB1F-853D5C2F7488}.Debug|Any CPU.ActiveCfg = Debug|Any CPU
		{6A5BB641-7C06-408B-AB1F-853D5C2F7488}.Debug|Any CPU.Build.0 = Debug|Any CPU
		{6A5BB641-7C06-408B-AB1F-853D5C2F7488}.Release|Any CPU.ActiveCfg = Release|Any CPU
		{6A5BB641-7C06-408B-AB1F-853D5C2F7488}.Release|Any CPU.Build.0 = Release|Any CPU
	EndGlobalSection
	GlobalSection(SolutionProperties) = preSolution
		HideSolutionNode = FALSE
	EndGlobalSection
	GlobalSection(ExtensibilityGlobals) = postSolution
		SolutionGuid = {B795451B-5DEC-4A33-B352-865276386F43}
	EndGlobalSection
EndGlobal
